
Microsoft Visual Studio Solution File, Format Version 11.00
# Visual Studio 2010
Project("{FAE04EC0-301F-11D3-BF4B-00C04F79EFBC}") = "TransportManagerLibrary", "TransportManagerLibrary\TransportManagerLibrary.csproj", "{C2F512E5-56F8-4BBA-A636-6FFCF6D5D26F}"
EndProject
Global
	GlobalSection(SolutionConfigurationPlatforms) = preSolution
		Debug|Any CPU = Debug|Any CPU
		Release|Any CPU = Release|Any CPU
	EndGlobalSection
	GlobalSection(ProjectConfigurationPlatforms) = postSolution
		{C2F512E5-56F8-4BBA-A636-6FFCF6D5D26F}.Debug|Any CPU.ActiveCfg = Debug|Any CPU
		{C2F512E5-56F8-4BBA-A636-6FFCF6D5D26F}.Debug|Any CPU.Build.0 = Debug|Any CPU
		{C2F512E5-56F8-4BBA-A636-6FFCF6D5D26F}.Release|Any CPU.ActiveCfg = Release|Any CPU
		{C2F512E5-56F8-4BBA-A636-6FFCF6D5D26F}.Release|Any CPU.Build.0 = Release|Any CPU
	EndGlobalSection
	GlobalSection(SolutionProperties) = preSolution
		HideSolutionNode = FALSE
	EndGlobalSection
EndGlobal
